
Microsoft Visual Studio Solution File, Format Version 12.00
# Visual Studio Version 17
VisualStudioVersion = 17.0.31903.59
MinimumVisualStudioVersion = 10.0.40219.1
Project("{FAE04EC0-301F-11D3-BF4B-00C04F79EFBC}") = "Linq_委托指向匿名方法", "Linq_委托指向匿名方法.csproj", "{84C958C2-23F7-48DA-848D-36BFB77B5988}"
EndProject
Global
	GlobalSection(SolutionConfigurationPlatforms) = preSolution
		Debug|Any CPU = Debug|Any CPU
		Release|Any CPU = Release|Any CPU
	EndGlobalSection
	GlobalSection(ProjectConfigurationPlatforms) = postSolution
		{84C958C2-23F7-48DA-848D-36BFB77B5988}.Debug|Any CPU.ActiveCfg = Debug|Any CPU
		{84C958C2-23F7-48DA-848D-36BFB77B5988}.Debug|Any CPU.Build.0 = Debug|Any CPU
		{84C958C2-23F7-48DA-848D-36BFB77B5988}.Release|Any CPU.ActiveCfg = Release|Any CPU
		{84C958C2-23F7-48DA-848D-36BFB77B5988}.Release|Any CPU.Build.0 = Release|Any CPU
	EndGlobalSection
	GlobalSection(SolutionProperties) = preSolution
		HideSolutionNode = FALSE
	EndGlobalSection
	GlobalSection(ExtensibilityGlobals) = postSolution
		SolutionGuid = {5EE1448E-67CE-41F2-BD62-7C3C77831CAB}
	EndGlobalSection
EndGlobal
