
Microsoft Visual Studio Solution File, Format Version 12.00
# Visual Studio Version 17
VisualStudioVersion = 17.0.31903.59
MinimumVisualStudioVersion = 10.0.40219.1
Project("{FAE04EC0-301F-11D3-BF4B-00C04F79EFBC}") = "async2", "async2.csproj", "{2310136C-2A7D-44B7-A557-BC40597072EC}"
EndProject
Global
	GlobalSection(SolutionConfigurationPlatforms) = preSolution
		Debug|Any CPU = Debug|Any CPU
		Release|Any CPU = Release|Any CPU
	EndGlobalSection
	GlobalSection(ProjectConfigurationPlatforms) = postSolution
		{2310136C-2A7D-44B7-A557-BC40597072EC}.Debug|Any CPU.ActiveCfg = Debug|Any CPU
		{2310136C-2A7D-44B7-A557-BC40597072EC}.Debug|Any CPU.Build.0 = Debug|Any CPU
		{2310136C-2A7D-44B7-A557-BC40597072EC}.Release|Any CPU.ActiveCfg = Release|Any CPU
		{2310136C-2A7D-44B7-A557-BC40597072EC}.Release|Any CPU.Build.0 = Release|Any CPU
	EndGlobalSection
	GlobalSection(SolutionProperties) = preSolution
		HideSolutionNode = FALSE
	EndGlobalSection
	GlobalSection(ExtensibilityGlobals) = postSolution
		SolutionGuid = {3267B80D-46D3-4255-818E-DDB5650F8CBA}
	EndGlobalSection
EndGlobal
