
Microsoft Visual Studio Solution File, Format Version 12.00
# Visual Studio Version 17
VisualStudioVersion = 17.0.31903.59
MinimumVisualStudioVersion = 10.0.40219.1
Project("{FAE04EC0-301F-11D3-BF4B-00C04F79EFBC}") = "依赖注入_服务的生命周期", "依赖注入_服务的生命周期.csproj", "{0C5CB2AC-FC80-4C5F-9A2C-1B0601A0E217}"
EndProject
Global
	GlobalSection(SolutionConfigurationPlatforms) = preSolution
		Debug|Any CPU = Debug|Any CPU
		Release|Any CPU = Release|Any CPU
	EndGlobalSection
	GlobalSection(ProjectConfigurationPlatforms) = postSolution
		{0C5CB2AC-FC80-4C5F-9A2C-1B0601A0E217}.Debug|Any CPU.ActiveCfg = Debug|Any CPU
		{0C5CB2AC-FC80-4C5F-9A2C-1B0601A0E217}.Debug|Any CPU.Build.0 = Debug|Any CPU
		{0C5CB2AC-FC80-4C5F-9A2C-1B0601A0E217}.Release|Any CPU.ActiveCfg = Release|Any CPU
		{0C5CB2AC-FC80-4C5F-9A2C-1B0601A0E217}.Release|Any CPU.Build.0 = Release|Any CPU
	EndGlobalSection
	GlobalSection(SolutionProperties) = preSolution
		HideSolutionNode = FALSE
	EndGlobalSection
	GlobalSection(ExtensibilityGlobals) = postSolution
		SolutionGuid = {87E35835-894D-44F3-9472-D08CCDB89774}
	EndGlobalSection
EndGlobal
