
Microsoft Visual Studio Solution File, Format Version 12.00
# Visual Studio Version 17
VisualStudioVersion = 17.7.34221.43
MinimumVisualStudioVersion = 10.0.40219.1
Project("{FAE04EC0-301F-11D3-BF4B-00C04F79EFBC}") = "asyncsleep", "asyncsleep.csproj", "{C7225908-E7C7-4465-8D8E-95E582226F49}"
EndProject
Global
	GlobalSection(SolutionConfigurationPlatforms) = preSolution
		Debug|Any CPU = Debug|Any CPU
		Release|Any CPU = Release|Any CPU
	EndGlobalSection
	GlobalSection(ProjectConfigurationPlatforms) = postSolution
		{C7225908-E7C7-4465-8D8E-95E582226F49}.Debug|Any CPU.ActiveCfg = Debug|Any CPU
		{C7225908-E7C7-4465-8D8E-95E582226F49}.Debug|Any CPU.Build.0 = Debug|Any CPU
		{C7225908-E7C7-4465-8D8E-95E582226F49}.Release|Any CPU.ActiveCfg = Release|Any CPU
		{C7225908-E7C7-4465-8D8E-95E582226F49}.Release|Any CPU.Build.0 = Release|Any CPU
	EndGlobalSection
	GlobalSection(SolutionProperties) = preSolution
		HideSolutionNode = FALSE
	EndGlobalSection
	GlobalSection(ExtensibilityGlobals) = postSolution
		SolutionGuid = {306BA345-CA04-487C-9B36-E7D7866A9FE1}
	EndGlobalSection
EndGlobal
